{
  "name": "jamovi-i18n",
  "version": "0.0.1",
  "lockfileVersion": 2,
  "requires": true,
  "packages": {
    "": {
      "name": "jamovi-i18n",
      "version": "0.0.1",
      "dependencies": {
        "command-line-args": "^3.0.5",
        "fs-extra": "^1.0.0",
        "gettext-extractor": "^3.5.3",
        "gettext-parser": "^5.1.2",
        "glob": "^7.2.0",
        "po2json": "^0.4.5"
      },
      "bin": {
        "ji8n": "index.js"
      }
    },
    "node_modules/@types/glob": {
      "version": "7.1.4",
      "resolved": "https://registry.npmjs.org/@types/glob/-/glob-7.1.4.tgz",
      "integrity": "sha512-w+LsMxKyYQm347Otw+IfBXOv9UWVjpHpCDdbBMt8Kz/xbvCYNjP+0qPh91Km3iKfSRLBB0P7fAMf0KHrPu+MyA==",
      "dependencies": {
        "@types/minimatch": "*",
        "@types/node": "*"
      }
    },
    "node_modules/@types/minimatch": {
      "version": "3.0.5",
      "resolved": "https://registry.npmjs.org/@types/minimatch/-/minimatch-3.0.5.tgz",
      "integrity": "sha512-Klz949h02Gz2uZCMGwDUSDS1YBlTdDDgbWHi+81l29tQALUtvz4rAYi5uoVhE5Lagoq6DeqAUlbrHvW/mXDgdQ=="
    },
    "node_modules/@types/node": {
      "version": "16.9.6",
      "resolved": "https://registry.npmjs.org/@types/node/-/node-16.9.6.tgz",
      "integrity": "sha512-YHUZhBOMTM3mjFkXVcK+WwAcYmyhe1wL4lfqNtzI0b3qAy7yuSetnM7QJazgE5PFmgVTNGiLOgRFfJMqW7XpSQ=="
    },
    "node_modules/@types/parse5": {
      "version": "5.0.3",
      "resolved": "https://registry.npmjs.org/@types/parse5/-/parse5-5.0.3.tgz",
      "integrity": "sha512-kUNnecmtkunAoQ3CnjmMkzNU/gtxG8guhi+Fk2U/kOpIKjIMKnXGp4IJCgQJrXSgMsWYimYG4TGjz/UzbGEBTw=="
    },
    "node_modules/ansi-styles": {
      "version": "1.0.0",
      "resolved": "https://registry.npmjs.org/ansi-styles/-/ansi-styles-1.0.0.tgz",
      "integrity": "sha1-yxAt8cVvUSPquLZ817mAJ6AnkXg=",
      "engines": {
        "node": ">=0.8.0"
      }
    },
    "node_modules/array-back": {
      "version": "1.0.4",
      "resolved": "https://registry.npmjs.org/array-back/-/array-back-1.0.4.tgz",
      "integrity": "sha1-ZEun8JX3/898Q7Xw3DnTwfA8Bjs=",
      "dependencies": {
        "typical": "^2.6.0"
      },
      "engines": {
        "node": ">=0.12.0"
      }
    },
    "node_modules/balanced-match": {
      "version": "1.0.2",
      "resolved": "https://registry.npmjs.org/balanced-match/-/balanced-match-1.0.2.tgz",
      "integrity": "sha512-3oSeUO0TMV67hN1AmbXsK4yaqU7tjiHlbxRDZOpH0KW9+CeX4bRAaX0Anxt0tx2MrpRpWwQaPwIlISEJhYU5Pw=="
    },
    "node_modules/brace-expansion": {
      "version": "1.1.11",
      "resolved": "https://registry.npmjs.org/brace-expansion/-/brace-expansion-1.1.11.tgz",
      "integrity": "sha512-iCuPHDFgrHX7H2vEI/5xpz07zSHB00TpugqhmYtVmMO6518mCuRMoOYFldEBl0g187ufozdaHgWKcYFb61qGiA==",
      "dependencies": {
        "balanced-match": "^1.0.0",
        "concat-map": "0.0.1"
      }
    },
    "node_modules/chalk": {
      "version": "0.4.0",
      "resolved": "https://registry.npmjs.org/chalk/-/chalk-0.4.0.tgz",
      "integrity": "sha1-UZmj3c0MHv4jvAjBsCewYXbgxk8=",
      "dependencies": {
        "ansi-styles": "~1.0.0",
        "has-color": "~0.1.0",
        "strip-ansi": "~0.1.0"
      },
      "engines": {
        "node": ">=0.8.0"
      }
    },
    "node_modules/command-line-args": {
      "version": "3.0.5",
      "resolved": "https://registry.npmjs.org/command-line-args/-/command-line-args-3.0.5.tgz",
      "integrity": "sha1-W9StReeYPlwTRJGOQCgO4mk8WsA=",
      "dependencies": {
        "array-back": "^1.0.4",
        "feature-detect-es6": "^1.3.1",
        "find-replace": "^1.0.2",
        "typical": "^2.6.0"
      },
      "bin": {
        "command-line-args": "bin.js"
      }
    },
    "node_modules/concat-map": {
      "version": "0.0.1",
      "resolved": "https://registry.npmjs.org/concat-map/-/concat-map-0.0.1.tgz",
      "integrity": "sha1-2Klr13/Wjfd5OnMDajug1UBdR3s="
    },
    "node_modules/content-type": {
      "version": "1.0.4",
      "resolved": "https://registry.npmjs.org/content-type/-/content-type-1.0.4.tgz",
      "integrity": "sha512-hIP3EEPs8tB9AT1L+NUqtwOAps4mk2Zob89MWXMHjHWg9milF/j4osnnQLXBCBFBk/tvIG/tUc9mOUJiPBhPXA==",
      "engines": {
        "node": ">= 0.6"
      }
    },
    "node_modules/css-selector-parser": {
      "version": "1.4.1",
      "resolved": "https://registry.npmjs.org/css-selector-parser/-/css-selector-parser-1.4.1.tgz",
      "integrity": "sha512-HYPSb7y/Z7BNDCOrakL4raGO2zltZkbeXyAd6Tg9obzix6QhzxCotdBl6VT0Dv4vZfJGVz3WL/xaEI9Ly3ul0g=="
    },
    "node_modules/encoding": {
      "version": "0.1.13",
      "resolved": "https://registry.npmjs.org/encoding/-/encoding-0.1.13.tgz",
      "integrity": "sha512-ETBauow1T35Y/WZMkio9jiM0Z5xjHHmJ4XmjZOq1l/dXz3lr2sRn87nJy20RupqSh1F2m3HHPSp8ShIPQJrJ3A==",
      "dependencies": {
        "iconv-lite": "^0.6.2"
      }
    },
    "node_modules/feature-detect-es6": {
      "version": "1.5.0",
      "resolved": "https://registry.npmjs.org/feature-detect-es6/-/feature-detect-es6-1.5.0.tgz",
      "integrity": "sha512-DzWPIGzTnfp3/KK1d/YPfmgLqeDju9F2DQYBL35VusgSApcA7XGqVtXfR4ETOOFEzdFJ3J7zh0Gkk011TiA4uQ==",
      "dependencies": {
        "array-back": "^1.0.4"
      },
      "engines": {
        "node": ">=0.10.0"
      }
    },
    "node_modules/find-replace": {
      "version": "1.0.3",
      "resolved": "https://registry.npmjs.org/find-replace/-/find-replace-1.0.3.tgz",
      "integrity": "sha1-uI5zZNLZyVlVnziMZmcNYTBEH6A=",
      "dependencies": {
        "array-back": "^1.0.4",
        "test-value": "^2.1.0"
      },
      "engines": {
        "node": ">=4.0.0"
      }
    },
    "node_modules/fs-extra": {
      "version": "1.0.0",
      "resolved": "https://registry.npmjs.org/fs-extra/-/fs-extra-1.0.0.tgz",
      "integrity": "sha1-zTzl9+fLYUWIP8rjGR6Yd/hYeVA=",
      "dependencies": {
        "graceful-fs": "^4.1.2",
        "jsonfile": "^2.1.0",
        "klaw": "^1.0.0"
      }
    },
    "node_modules/fs.realpath": {
      "version": "1.0.0",
      "resolved": "https://registry.npmjs.org/fs.realpath/-/fs.realpath-1.0.0.tgz",
      "integrity": "sha1-FQStJSMVjKpA20onh8sBQRmU6k8="
    },
    "node_modules/gettext-extractor": {
      "version": "3.5.3",
      "resolved": "https://registry.npmjs.org/gettext-extractor/-/gettext-extractor-3.5.3.tgz",
      "integrity": "sha512-9EgJ+hmbtAbATdMIvCj4WnrkeDWH6fv1z+IJJ1XCxdcUMGx6JQdVVFTdzJkSyIHh4td53ngoB5EQbavbKJU9Og==",
      "dependencies": {
        "@types/glob": "5 - 7",
        "@types/parse5": "^5",
        "css-selector-parser": "^1.3",
        "glob": "5 - 7",
        "parse5": "5 - 6",
        "pofile": "1.0.x",
        "typescript": "2 - 4"
      },
      "engines": {
        "node": ">=6"
      }
    },
    "node_modules/gettext-parser": {
      "version": "5.1.2",
      "resolved": "https://registry.npmjs.org/gettext-parser/-/gettext-parser-5.1.2.tgz",
      "integrity": "sha512-TaCShmFIQDvic6Ao+LFvFSPyl/9sjua3zNHMfmjfzzEeK3NIPbBSbNdPihJ+vG476td+ylrVk0ZyjJaAy9CiwQ==",
      "dependencies": {
        "content-type": "^1.0.4",
        "encoding": "^0.1.13",
        "readable-stream": "^3.6.0",
        "safe-buffer": "^5.2.1"
      }
    },
    "node_modules/glob": {
      "version": "7.2.0",
      "resolved": "https://registry.npmjs.org/glob/-/glob-7.2.0.tgz",
      "integrity": "sha512-lmLf6gtyrPq8tTjSmrO94wBeQbFR3HbLHbuyD69wuyQkImp2hWqMGB47OX65FBkPffO641IP9jWa1z4ivqG26Q==",
      "dependencies": {
        "fs.realpath": "^1.0.0",
        "inflight": "^1.0.4",
        "inherits": "2",
        "minimatch": "^3.0.4",
        "once": "^1.3.0",
        "path-is-absolute": "^1.0.0"
      },
      "engines": {
        "node": "*"
      },
      "funding": {
        "url": "https://github.com/sponsors/isaacs"
      }
    },
    "node_modules/graceful-fs": {
      "version": "4.2.8",
      "resolved": "https://registry.npmjs.org/graceful-fs/-/graceful-fs-4.2.8.tgz",
      "integrity": "sha512-qkIilPUYcNhJpd33n0GBXTB1MMPp14TxEsEs0pTrsSVucApsYzW5V+Q8Qxhik6KU3evy+qkAAowTByymK0avdg=="
    },
    "node_modules/has-color": {
      "version": "0.1.7",
      "resolved": "https://registry.npmjs.org/has-color/-/has-color-0.1.7.tgz",
      "integrity": "sha1-ZxRKUmDDT8PMpnfQQdr1L+e3iy8=",
      "engines": {
        "node": ">=0.10.0"
      }
    },
    "node_modules/iconv-lite": {
      "version": "0.6.3",
      "resolved": "https://registry.npmjs.org/iconv-lite/-/iconv-lite-0.6.3.tgz",
      "integrity": "sha512-4fCk79wshMdzMp2rH06qWrJE4iolqLhCUH+OiuIgU++RB0+94NlDL81atO7GX55uUKueo0txHNtvEyI6D7WdMw==",
      "dependencies": {
        "safer-buffer": ">= 2.1.2 < 3.0.0"
      },
      "engines": {
        "node": ">=0.10.0"
      }
    },
    "node_modules/inflight": {
      "version": "1.0.6",
      "resolved": "https://registry.npmjs.org/inflight/-/inflight-1.0.6.tgz",
      "integrity": "sha1-Sb1jMdfQLQwJvJEKEHW6gWW1bfk=",
      "dependencies": {
        "once": "^1.3.0",
        "wrappy": "1"
      }
    },
    "node_modules/inherits": {
      "version": "2.0.4",
      "resolved": "https://registry.npmjs.org/inherits/-/inherits-2.0.4.tgz",
      "integrity": "sha512-k/vGaX4/Yla3WzyMCvTQOXYeIHvqOKtnqBduzTHpzpQZzAskKMhZ2K+EnBiSM9zGSoIFeMpXKxa4dYeZIQqewQ=="
    },
    "node_modules/jsonfile": {
      "version": "2.4.0",
      "resolved": "https://registry.npmjs.org/jsonfile/-/jsonfile-2.4.0.tgz",
      "integrity": "sha1-NzaitCi4e72gzIO1P6PWM6NcKug=",
      "optionalDependencies": {
        "graceful-fs": "^4.1.6"
      }
    },
    "node_modules/klaw": {
      "version": "1.3.1",
      "resolved": "https://registry.npmjs.org/klaw/-/klaw-1.3.1.tgz",
      "integrity": "sha1-QIhDO0azsbolnXh4XY6W9zugJDk=",
      "optionalDependencies": {
        "graceful-fs": "^4.1.9"
      }
    },
    "node_modules/minimatch": {
      "version": "3.0.4",
      "resolved": "https://registry.npmjs.org/minimatch/-/minimatch-3.0.4.tgz",
      "integrity": "sha512-yJHVQEhyqPLUTgt9B83PXu6W3rx4MvvHvSUvToogpwoGDOUQ+yDrR0HRot+yOCdCO7u4hX3pWft6kWBBcqh0UA==",
      "dependencies": {
        "brace-expansion": "^1.1.7"
      },
      "engines": {
        "node": "*"
      }
    },
    "node_modules/nomnom": {
      "version": "1.8.1",
      "resolved": "https://registry.npmjs.org/nomnom/-/nomnom-1.8.1.tgz",
      "integrity": "sha1-IVH3Ikcrp55Qp2/BJbuMjy5Nwqc=",
      "deprecated": "Package no longer supported. Contact support@npmjs.com for more info.",
      "dependencies": {
        "chalk": "~0.4.0",
        "underscore": "~1.6.0"
      }
    },
    "node_modules/once": {
      "version": "1.4.0",
      "resolved": "https://registry.npmjs.org/once/-/once-1.4.0.tgz",
      "integrity": "sha1-WDsap3WWHUsROsF9nFC6753Xa9E=",
      "dependencies": {
        "wrappy": "1"
      }
    },
    "node_modules/parse5": {
      "version": "6.0.1",
      "resolved": "https://registry.npmjs.org/parse5/-/parse5-6.0.1.tgz",
      "integrity": "sha512-Ofn/CTFzRGTTxwpNEs9PP93gXShHcTq255nzRYSKe8AkVpZY7e1fpmTfOyoIvjP5HG7Z2ZM7VS9PPhQGW2pOpw=="
    },
    "node_modules/path-is-absolute": {
      "version": "1.0.1",
      "resolved": "https://registry.npmjs.org/path-is-absolute/-/path-is-absolute-1.0.1.tgz",
      "integrity": "sha1-F0uSaHNVNP+8es5r9TpanhtcX18=",
      "engines": {
        "node": ">=0.10.0"
      }
    },
    "node_modules/po2json": {
      "version": "0.4.5",
      "resolved": "https://registry.npmjs.org/po2json/-/po2json-0.4.5.tgz",
      "integrity": "sha1-R7spUtoy1Yob4vJWpZjuvAt0URg=",
      "dependencies": {
        "gettext-parser": "1.1.0",
        "nomnom": "1.8.1"
      },
      "bin": {
        "po2json": "bin/po2json"
      },
      "engines": {
        "node": ">= 0.8.0"
      }
    },
    "node_modules/po2json/node_modules/gettext-parser": {
      "version": "1.1.0",
      "resolved": "https://registry.npmjs.org/gettext-parser/-/gettext-parser-1.1.0.tgz",
      "integrity": "sha1-LFpmONiTk0ubVQN9CtgstwBLJnk=",
      "dependencies": {
        "encoding": "^0.1.11"
      }
    },
    "node_modules/pofile": {
      "version": "1.0.11",
      "resolved": "https://registry.npmjs.org/pofile/-/pofile-1.0.11.tgz",
      "integrity": "sha512-Vy9eH1dRD9wHjYt/QqXcTz+RnX/zg53xK+KljFSX30PvdDMb2z+c6uDUeblUGqqJgz3QFsdlA0IJvHziPmWtQg=="
    },
    "node_modules/readable-stream": {
      "version": "3.6.0",
      "resolved": "https://registry.npmjs.org/readable-stream/-/readable-stream-3.6.0.tgz",
      "integrity": "sha512-BViHy7LKeTz4oNnkcLJ+lVSL6vpiFeX6/d3oSH8zCW7UxP2onchk+vTGB143xuFjHS3deTgkKoXXymXqymiIdA==",
      "dependencies": {
        "inherits": "^2.0.3",
        "string_decoder": "^1.1.1",
        "util-deprecate": "^1.0.1"
      },
      "engines": {
        "node": ">= 6"
      }
    },
    "node_modules/safe-buffer": {
      "version": "5.2.1",
      "resolved": "https://registry.npmjs.org/safe-buffer/-/safe-buffer-5.2.1.tgz",
      "integrity": "sha512-rp3So07KcdmmKbGvgaNxQSJr7bGVSVk5S9Eq1F+ppbRo70+YeaDxkw5Dd8NPN+GD6bjnYm2VuPuCXmpuYvmCXQ==",
      "funding": [
        {
          "type": "github",
          "url": "https://github.com/sponsors/feross"
        },
        {
          "type": "patreon",
          "url": "https://www.patreon.com/feross"
        },
        {
          "type": "consulting",
          "url": "https://feross.org/support"
        }
      ]
    },
    "node_modules/safer-buffer": {
      "version": "2.1.2",
      "resolved": "https://registry.npmjs.org/safer-buffer/-/safer-buffer-2.1.2.tgz",
      "integrity": "sha512-YZo3K82SD7Riyi0E1EQPojLz7kpepnSQI9IyPbHHg1XXXevb5dJI7tpyN2ADxGcQbHG7vcyRHk0cbwqcQriUtg=="
    },
    "node_modules/string_decoder": {
      "version": "1.3.0",
      "resolved": "https://registry.npmjs.org/string_decoder/-/string_decoder-1.3.0.tgz",
      "integrity": "sha512-hkRX8U1WjJFd8LsDJ2yQ/wWWxaopEsABU1XfkM8A+j0+85JAGppt16cr1Whg6KIbb4okU6Mql6BOj+uup/wKeA==",
      "dependencies": {
        "safe-buffer": "~5.2.0"
      }
    },
    "node_modules/strip-ansi": {
      "version": "0.1.1",
      "resolved": "https://registry.npmjs.org/strip-ansi/-/strip-ansi-0.1.1.tgz",
      "integrity": "sha1-OeipjQRNFQZgq+SmgIrPcLt7yZE=",
      "bin": {
        "strip-ansi": "cli.js"
      },
      "engines": {
        "node": ">=0.8.0"
      }
    },
    "node_modules/test-value": {
      "version": "2.1.0",
      "resolved": "https://registry.npmjs.org/test-value/-/test-value-2.1.0.tgz",
      "integrity": "sha1-Edpv9nDzRxpztiXKTz/c97t0gpE=",
      "dependencies": {
        "array-back": "^1.0.3",
        "typical": "^2.6.0"
      },
      "engines": {
        "node": ">=0.10.0"
      }
    },
    "node_modules/typescript": {
      "version": "4.4.3",
      "resolved": "https://registry.npmjs.org/typescript/-/typescript-4.4.3.tgz",
      "integrity": "sha512-4xfscpisVgqqDfPaJo5vkd+Qd/ItkoagnHpufr+i2QCHBsNYp+G7UAoyFl8aPtx879u38wPV65rZ8qbGZijalA==",
      "bin": {
        "tsc": "bin/tsc",
        "tsserver": "bin/tsserver"
      },
      "engines": {
        "node": ">=4.2.0"
      }
    },
    "node_modules/typical": {
      "version": "2.6.1",
      "resolved": "https://registry.npmjs.org/typical/-/typical-2.6.1.tgz",
      "integrity": "sha1-XAgOXWYcu+OCWdLnCjxyU+hziB0="
    },
    "node_modules/underscore": {
      "version": "1.6.0",
      "resolved": "https://registry.npmjs.org/underscore/-/underscore-1.6.0.tgz",
      "integrity": "sha1-izixDKze9jM3uLJOT/htRa6lKag="
    },
    "node_modules/util-deprecate": {
      "version": "1.0.2",
      "resolved": "https://registry.npmjs.org/util-deprecate/-/util-deprecate-1.0.2.tgz",
      "integrity": "sha1-RQ1Nyfpw3nMnYvvS1KKJgUGaDM8="
    },
    "node_modules/wrappy": {
      "version": "1.0.2",
      "resolved": "https://registry.npmjs.org/wrappy/-/wrappy-1.0.2.tgz",
      "integrity": "sha1-tSQ9jz7BqjXxNkYFvA0QNuMKtp8="
    }
  },
  "dependencies": {
    "@types/glob": {
      "version": "7.1.4",
      "resolved": "https://registry.npmjs.org/@types/glob/-/glob-7.1.4.tgz",
      "integrity": "sha512-w+LsMxKyYQm347Otw+IfBXOv9UWVjpHpCDdbBMt8Kz/xbvCYNjP+0qPh91Km3iKfSRLBB0P7fAMf0KHrPu+MyA==",
      "requires": {
        "@types/minimatch": "*",
        "@types/node": "*"
      }
    },
    "@types/minimatch": {
      "version": "3.0.5",
      "resolved": "https://registry.npmjs.org/@types/minimatch/-/minimatch-3.0.5.tgz",
      "integrity": "sha512-Klz949h02Gz2uZCMGwDUSDS1YBlTdDDgbWHi+81l29tQALUtvz4rAYi5uoVhE5Lagoq6DeqAUlbrHvW/mXDgdQ=="
    },
    "@types/node": {
      "version": "16.9.6",
      "resolved": "https://registry.npmjs.org/@types/node/-/node-16.9.6.tgz",
      "integrity": "sha512-YHUZhBOMTM3mjFkXVcK+WwAcYmyhe1wL4lfqNtzI0b3qAy7yuSetnM7QJazgE5PFmgVTNGiLOgRFfJMqW7XpSQ=="
    },
    "@types/parse5": {
      "version": "5.0.3",
      "resolved": "https://registry.npmjs.org/@types/parse5/-/parse5-5.0.3.tgz",
      "integrity": "sha512-kUNnecmtkunAoQ3CnjmMkzNU/gtxG8guhi+Fk2U/kOpIKjIMKnXGp4IJCgQJrXSgMsWYimYG4TGjz/UzbGEBTw=="
    },
    "ansi-styles": {
      "version": "1.0.0",
      "resolved": "https://registry.npmjs.org/ansi-styles/-/ansi-styles-1.0.0.tgz",
      "integrity": "sha1-yxAt8cVvUSPquLZ817mAJ6AnkXg="
    },
    "array-back": {
      "version": "1.0.4",
      "resolved": "https://registry.npmjs.org/array-back/-/array-back-1.0.4.tgz",
      "integrity": "sha1-ZEun8JX3/898Q7Xw3DnTwfA8Bjs=",
      "requires": {
        "typical": "^2.6.0"
      }
    },
    "balanced-match": {
      "version": "1.0.2",
      "resolved": "https://registry.npmjs.org/balanced-match/-/balanced-match-1.0.2.tgz",
      "integrity": "sha512-3oSeUO0TMV67hN1AmbXsK4yaqU7tjiHlbxRDZOpH0KW9+CeX4bRAaX0Anxt0tx2MrpRpWwQaPwIlISEJhYU5Pw=="
    },
    "brace-expansion": {
      "version": "1.1.11",
      "resolved": "https://registry.npmjs.org/brace-expansion/-/brace-expansion-1.1.11.tgz",
      "integrity": "sha512-iCuPHDFgrHX7H2vEI/5xpz07zSHB00TpugqhmYtVmMO6518mCuRMoOYFldEBl0g187ufozdaHgWKcYFb61qGiA==",
      "requires": {
        "balanced-match": "^1.0.0",
        "concat-map": "0.0.1"
      }
    },
    "chalk": {
      "version": "0.4.0",
      "resolved": "https://registry.npmjs.org/chalk/-/chalk-0.4.0.tgz",
      "integrity": "sha1-UZmj3c0MHv4jvAjBsCewYXbgxk8=",
      "requires": {
        "ansi-styles": "~1.0.0",
        "has-color": "~0.1.0",
        "strip-ansi": "~0.1.0"
      }
    },
    "command-line-args": {
      "version": "3.0.5",
      "resolved": "https://registry.npmjs.org/command-line-args/-/command-line-args-3.0.5.tgz",
      "integrity": "sha1-W9StReeYPlwTRJGOQCgO4mk8WsA=",
      "requires": {
        "array-back": "^1.0.4",
        "feature-detect-es6": "^1.3.1",
        "find-replace": "^1.0.2",
        "typical": "^2.6.0"
      }
    },
    "concat-map": {
      "version": "0.0.1",
      "resolved": "https://registry.npmjs.org/concat-map/-/concat-map-0.0.1.tgz",
      "integrity": "sha1-2Klr13/Wjfd5OnMDajug1UBdR3s="
    },
    "content-type": {
      "version": "1.0.4",
      "resolved": "https://registry.npmjs.org/content-type/-/content-type-1.0.4.tgz",
      "integrity": "sha512-hIP3EEPs8tB9AT1L+NUqtwOAps4mk2Zob89MWXMHjHWg9milF/j4osnnQLXBCBFBk/tvIG/tUc9mOUJiPBhPXA=="
    },
    "css-selector-parser": {
      "version": "1.4.1",
      "resolved": "https://registry.npmjs.org/css-selector-parser/-/css-selector-parser-1.4.1.tgz",
      "integrity": "sha512-HYPSb7y/Z7BNDCOrakL4raGO2zltZkbeXyAd6Tg9obzix6QhzxCotdBl6VT0Dv4vZfJGVz3WL/xaEI9Ly3ul0g=="
    },
    "encoding": {
      "version": "0.1.13",
      "resolved": "https://registry.npmjs.org/encoding/-/encoding-0.1.13.tgz",
      "integrity": "sha512-ETBauow1T35Y/WZMkio9jiM0Z5xjHHmJ4XmjZOq1l/dXz3lr2sRn87nJy20RupqSh1F2m3HHPSp8ShIPQJrJ3A==",
      "requires": {
        "iconv-lite": "^0.6.2"
      }
    },
    "feature-detect-es6": {
      "version": "1.5.0",
      "resolved": "https://registry.npmjs.org/feature-detect-es6/-/feature-detect-es6-1.5.0.tgz",
      "integrity": "sha512-DzWPIGzTnfp3/KK1d/YPfmgLqeDju9F2DQYBL35VusgSApcA7XGqVtXfR4ETOOFEzdFJ3J7zh0Gkk011TiA4uQ==",
      "requires": {
        "array-back": "^1.0.4"
      }
    },
    "find-replace": {
      "version": "1.0.3",
      "resolved": "https://registry.npmjs.org/find-replace/-/find-replace-1.0.3.tgz",
      "integrity": "sha1-uI5zZNLZyVlVnziMZmcNYTBEH6A=",
      "requires": {
        "array-back": "^1.0.4",
        "test-value": "^2.1.0"
      }
    },
    "fs-extra": {
      "version": "1.0.0",
      "resolved": "https://registry.npmjs.org/fs-extra/-/fs-extra-1.0.0.tgz",
      "integrity": "sha1-zTzl9+fLYUWIP8rjGR6Yd/hYeVA=",
      "requires": {
        "graceful-fs": "^4.1.2",
        "jsonfile": "^2.1.0",
        "klaw": "^1.0.0"
      }
    },
    "fs.realpath": {
      "version": "1.0.0",
      "resolved": "https://registry.npmjs.org/fs.realpath/-/fs.realpath-1.0.0.tgz",
      "integrity": "sha1-FQStJSMVjKpA20onh8sBQRmU6k8="
    },
    "gettext-extractor": {
      "version": "3.5.3",
      "resolved": "https://registry.npmjs.org/gettext-extractor/-/gettext-extractor-3.5.3.tgz",
      "integrity": "sha512-9EgJ+hmbtAbATdMIvCj4WnrkeDWH6fv1z+IJJ1XCxdcUMGx6JQdVVFTdzJkSyIHh4td53ngoB5EQbavbKJU9Og==",
      "requires": {
        "@types/glob": "5 - 7",
        "@types/parse5": "^5",
        "css-selector-parser": "^1.3",
        "glob": "5 - 7",
        "parse5": "5 - 6",
        "pofile": "1.0.x",
        "typescript": "2 - 4"
      }
    },
    "gettext-parser": {
      "version": "5.1.2",
      "resolved": "https://registry.npmjs.org/gettext-parser/-/gettext-parser-5.1.2.tgz",
      "integrity": "sha512-TaCShmFIQDvic6Ao+LFvFSPyl/9sjua3zNHMfmjfzzEeK3NIPbBSbNdPihJ+vG476td+ylrVk0ZyjJaAy9CiwQ==",
      "requires": {
        "content-type": "^1.0.4",
        "encoding": "^0.1.13",
        "readable-stream": "^3.6.0",
        "safe-buffer": "^5.2.1"
      }
    },
    "glob": {
      "version": "7.2.0",
      "resolved": "https://registry.npmjs.org/glob/-/glob-7.2.0.tgz",
      "integrity": "sha512-lmLf6gtyrPq8tTjSmrO94wBeQbFR3HbLHbuyD69wuyQkImp2hWqMGB47OX65FBkPffO641IP9jWa1z4ivqG26Q==",
      "requires": {
        "fs.realpath": "^1.0.0",
        "inflight": "^1.0.4",
        "inherits": "2",
        "minimatch": "^3.0.4",
        "once": "^1.3.0",
        "path-is-absolute": "^1.0.0"
      }
    },
    "graceful-fs": {
      "version": "4.2.8",
      "resolved": "https://registry.npmjs.org/graceful-fs/-/graceful-fs-4.2.8.tgz",
      "integrity": "sha512-qkIilPUYcNhJpd33n0GBXTB1MMPp14TxEsEs0pTrsSVucApsYzW5V+Q8Qxhik6KU3evy+qkAAowTByymK0avdg=="
    },
    "has-color": {
      "version": "0.1.7",
      "resolved": "https://registry.npmjs.org/has-color/-/has-color-0.1.7.tgz",
      "integrity": "sha1-ZxRKUmDDT8PMpnfQQdr1L+e3iy8="
    },
    "iconv-lite": {
      "version": "0.6.3",
      "resolved": "https://registry.npmjs.org/iconv-lite/-/iconv-lite-0.6.3.tgz",
      "integrity": "sha512-4fCk79wshMdzMp2rH06qWrJE4iolqLhCUH+OiuIgU++RB0+94NlDL81atO7GX55uUKueo0txHNtvEyI6D7WdMw==",
      "requires": {
        "safer-buffer": ">= 2.1.2 < 3.0.0"
      }
    },
    "inflight": {
      "version": "1.0.6",
      "resolved": "https://registry.npmjs.org/inflight/-/inflight-1.0.6.tgz",
      "integrity": "sha1-Sb1jMdfQLQwJvJEKEHW6gWW1bfk=",
      "requires": {
        "once": "^1.3.0",
        "wrappy": "1"
      }
    },
    "inherits": {
      "version": "2.0.4",
      "resolved": "https://registry.npmjs.org/inherits/-/inherits-2.0.4.tgz",
      "integrity": "sha512-k/vGaX4/Yla3WzyMCvTQOXYeIHvqOKtnqBduzTHpzpQZzAskKMhZ2K+EnBiSM9zGSoIFeMpXKxa4dYeZIQqewQ=="
    },
    "jsonfile": {
      "version": "2.4.0",
      "resolved": "https://registry.npmjs.org/jsonfile/-/jsonfile-2.4.0.tgz",
      "integrity": "sha1-NzaitCi4e72gzIO1P6PWM6NcKug=",
      "requires": {
        "graceful-fs": "^4.1.6"
      }
    },
    "klaw": {
      "version": "1.3.1",
      "resolved": "https://registry.npmjs.org/klaw/-/klaw-1.3.1.tgz",
      "integrity": "sha1-QIhDO0azsbolnXh4XY6W9zugJDk=",
      "requires": {
        "graceful-fs": "^4.1.9"
      }
    },
    "minimatch": {
      "version": "3.0.4",
      "resolved": "https://registry.npmjs.org/minimatch/-/minimatch-3.0.4.tgz",
      "integrity": "sha512-yJHVQEhyqPLUTgt9B83PXu6W3rx4MvvHvSUvToogpwoGDOUQ+yDrR0HRot+yOCdCO7u4hX3pWft6kWBBcqh0UA==",
      "requires": {
        "brace-expansion": "^1.1.7"
      }
    },
    "nomnom": {
      "version": "1.8.1",
      "resolved": "https://registry.npmjs.org/nomnom/-/nomnom-1.8.1.tgz",
      "integrity": "sha1-IVH3Ikcrp55Qp2/BJbuMjy5Nwqc=",
      "requires": {
        "chalk": "~0.4.0",
        "underscore": "~1.6.0"
      }
    },
    "once": {
      "version": "1.4.0",
      "resolved": "https://registry.npmjs.org/once/-/once-1.4.0.tgz",
      "integrity": "sha1-WDsap3WWHUsROsF9nFC6753Xa9E=",
      "requires": {
        "wrappy": "1"
      }
    },
    "parse5": {
      "version": "6.0.1",
      "resolved": "https://registry.npmjs.org/parse5/-/parse5-6.0.1.tgz",
      "integrity": "sha512-Ofn/CTFzRGTTxwpNEs9PP93gXShHcTq255nzRYSKe8AkVpZY7e1fpmTfOyoIvjP5HG7Z2ZM7VS9PPhQGW2pOpw=="
    },
    "path-is-absolute": {
      "version": "1.0.1",
      "resolved": "https://registry.npmjs.org/path-is-absolute/-/path-is-absolute-1.0.1.tgz",
      "integrity": "sha1-F0uSaHNVNP+8es5r9TpanhtcX18="
    },
    "po2json": {
      "version": "0.4.5",
      "resolved": "https://registry.npmjs.org/po2json/-/po2json-0.4.5.tgz",
      "integrity": "sha1-R7spUtoy1Yob4vJWpZjuvAt0URg=",
      "requires": {
        "gettext-parser": "1.1.0",
        "nomnom": "1.8.1"
      },
      "dependencies": {
        "gettext-parser": {
          "version": "1.1.0",
          "resolved": "https://registry.npmjs.org/gettext-parser/-/gettext-parser-1.1.0.tgz",
          "integrity": "sha1-LFpmONiTk0ubVQN9CtgstwBLJnk=",
          "requires": {
            "encoding": "^0.1.11"
          }
        }
      }
    },
    "pofile": {
      "version": "1.0.11",
      "resolved": "https://registry.npmjs.org/pofile/-/pofile-1.0.11.tgz",
      "integrity": "sha512-Vy9eH1dRD9wHjYt/QqXcTz+RnX/zg53xK+KljFSX30PvdDMb2z+c6uDUeblUGqqJgz3QFsdlA0IJvHziPmWtQg=="
    },
    "readable-stream": {
      "version": "3.6.0",
      "resolved": "https://registry.npmjs.org/readable-stream/-/readable-stream-3.6.0.tgz",
      "integrity": "sha512-BViHy7LKeTz4oNnkcLJ+lVSL6vpiFeX6/d3oSH8zCW7UxP2onchk+vTGB143xuFjHS3deTgkKoXXymXqymiIdA==",
      "requires": {
        "inherits": "^2.0.3",
        "string_decoder": "^1.1.1",
        "util-deprecate": "^1.0.1"
      }
    },
    "safe-buffer": {
      "version": "5.2.1",
      "resolved": "https://registry.npmjs.org/safe-buffer/-/safe-buffer-5.2.1.tgz",
      "integrity": "sha512-rp3So07KcdmmKbGvgaNxQSJr7bGVSVk5S9Eq1F+ppbRo70+YeaDxkw5Dd8NPN+GD6bjnYm2VuPuCXmpuYvmCXQ=="
    },
    "safer-buffer": {
      "version": "2.1.2",
      "resolved": "https://registry.npmjs.org/safer-buffer/-/safer-buffer-2.1.2.tgz",
      "integrity": "sha512-YZo3K82SD7Riyi0E1EQPojLz7kpepnSQI9IyPbHHg1XXXevb5dJI7tpyN2ADxGcQbHG7vcyRHk0cbwqcQriUtg=="
    },
    "string_decoder": {
      "version": "1.3.0",
      "resolved": "https://registry.npmjs.org/string_decoder/-/string_decoder-1.3.0.tgz",
      "integrity": "sha512-hkRX8U1WjJFd8LsDJ2yQ/wWWxaopEsABU1XfkM8A+j0+85JAGppt16cr1Whg6KIbb4okU6Mql6BOj+uup/wKeA==",
      "requires": {
        "safe-buffer": "~5.2.0"
      }
    },
    "strip-ansi": {
      "version": "0.1.1",
      "resolved": "https://registry.npmjs.org/strip-ansi/-/strip-ansi-0.1.1.tgz",
      "integrity": "sha1-OeipjQRNFQZgq+SmgIrPcLt7yZE="
    },
    "test-value": {
      "version": "2.1.0",
      "resolved": "https://registry.npmjs.org/test-value/-/test-value-2.1.0.tgz",
      "integrity": "sha1-Edpv9nDzRxpztiXKTz/c97t0gpE=",
      "requires": {
        "array-back": "^1.0.3",
        "typical": "^2.6.0"
      }
    },
    "typescript": {
      "version": "4.4.3",
      "resolved": "https://registry.npmjs.org/typescript/-/typescript-4.4.3.tgz",
      "integrity": "sha512-4xfscpisVgqqDfPaJo5vkd+Qd/ItkoagnHpufr+i2QCHBsNYp+G7UAoyFl8aPtx879u38wPV65rZ8qbGZijalA=="
    },
    "typical": {
      "version": "2.6.1",
      "resolved": "https://registry.npmjs.org/typical/-/typical-2.6.1.tgz",
      "integrity": "sha1-XAgOXWYcu+OCWdLnCjxyU+hziB0="
    },
    "underscore": {
      "version": "1.6.0",
      "resolved": "https://registry.npmjs.org/underscore/-/underscore-1.6.0.tgz",
      "integrity": "sha1-izixDKze9jM3uLJOT/htRa6lKag="
    },
    "util-deprecate": {
      "version": "1.0.2",
      "resolved": "https://registry.npmjs.org/util-deprecate/-/util-deprecate-1.0.2.tgz",
      "integrity": "sha1-RQ1Nyfpw3nMnYvvS1KKJgUGaDM8="
    },
    "wrappy": {
      "version": "1.0.2",
      "resolved": "https://registry.npmjs.org/wrappy/-/wrappy-1.0.2.tgz",
      "integrity": "sha1-tSQ9jz7BqjXxNkYFvA0QNuMKtp8="
    }
  }
}
